
Microsoft Visual Studio Solution File, Format Version 12.00
# Visual Studio Version 17
VisualStudioVersion = 17.8.34330.188
MinimumVisualStudioVersion = 10.0.40219.1
Project("{FAE04EC0-301F-11D3-BF4B-00C04F79EFBC}") = "Keywords", "Keywords\Keywords.csproj", "{BE364AF7-402F-412C-A783-EFA15C0E370C}"
EndProject
Project("{FAE04EC0-301F-11D3-BF4B-00C04F79EFBC}") = "KeywordsTests", "KeywordsTests\KeywordsTests.csproj", "{FD294569-C81B-4977-973D-05B0602B5B8A}"
EndProject
Global
	GlobalSection(SolutionConfigurationPlatforms) = preSolution
		Debug|Any CPU = Debug|Any CPU
		Release|Any CPU = Release|Any CPU
	EndGlobalSection
	GlobalSection(ProjectConfigurationPlatforms) = postSolution
		{BE364AF7-402F-412C-A783-EFA15C0E370C}.Debug|Any CPU.ActiveCfg = Debug|Any CPU
		{BE364AF7-402F-412C-A783-EFA15C0E370C}.Debug|Any CPU.Build.0 = Debug|Any CPU
		{BE364AF7-402F-412C-A783-EFA15C0E370C}.Release|Any CPU.ActiveCfg = Release|Any CPU
		{BE364AF7-402F-412C-A783-EFA15C0E370C}.Release|Any CPU.Build.0 = Release|Any CPU
		{FD294569-C81B-4977-973D-05B0602B5B8A}.Debug|Any CPU.ActiveCfg = Debug|Any CPU
		{FD294569-C81B-4977-973D-05B0602B5B8A}.Debug|Any CPU.Build.0 = Debug|Any CPU
		{FD294569-C81B-4977-973D-05B0602B5B8A}.Release|Any CPU.ActiveCfg = Release|Any CPU
		{FD294569-C81B-4977-973D-05B0602B5B8A}.Release|Any CPU.Build.0 = Release|Any CPU
	EndGlobalSection
	GlobalSection(SolutionProperties) = preSolution
		HideSolutionNode = FALSE
	EndGlobalSection
	GlobalSection(ExtensibilityGlobals) = postSolution
		SolutionGuid = {085AB52F-8A64-4D5B-919C-ADCB739DC95D}
	EndGlobalSection
EndGlobal
